
Microsoft Visual Studio Solution File, Format Version 12.00
# Visual Studio Version 17
VisualStudioVersion = 17.9.34723.18
MinimumVisualStudioVersion = 10.0.40219.1
Project("{F184B08F-C81C-45F6-A57F-5ABD9991F28F}") = "TripTicketing", "TripTicketing\TripTicketing.vbproj", "{4B15C342-249F-46C6-82DA-7CF7F5276D11}"
EndProject
Global
	GlobalSection(SolutionConfigurationPlatforms) = preSolution
		Debug|Any CPU = Debug|Any CPU
		Release|Any CPU = Release|Any CPU
	EndGlobalSection
	GlobalSection(ProjectConfigurationPlatforms) = postSolution
		{4B15C342-249F-46C6-82DA-7CF7F5276D11}.Debug|Any CPU.ActiveCfg = Debug|Any CPU
		{4B15C342-249F-46C6-82DA-7CF7F5276D11}.Debug|Any CPU.Build.0 = Debug|Any CPU
		{4B15C342-249F-46C6-82DA-7CF7F5276D11}.Release|Any CPU.ActiveCfg = Release|Any CPU
		{4B15C342-249F-46C6-82DA-7CF7F5276D11}.Release|Any CPU.Build.0 = Release|Any CPU
	EndGlobalSection
	GlobalSection(SolutionProperties) = preSolution
		HideSolutionNode = FALSE
	EndGlobalSection
	GlobalSection(ExtensibilityGlobals) = postSolution
		SolutionGuid = {314E9B0D-B941-40AB-990B-453323919F1E}
	EndGlobalSection
EndGlobal
